
Microsoft Visual Studio Solution File, Format Version 12.00
Project("{FAE04EC0-301F-11D3-BF4B-00C04F79EFBC}") = "PhosphorMP", "PhosphorMP\PhosphorMP.csproj", "{1710AEA7-A699-4E0F-AA62-1D7D0F6E06A8}"
EndProject
Global
	GlobalSection(SolutionConfigurationPlatforms) = preSolution
		Debug|Any CPU = Debug|Any CPU
		Release|Any CPU = Release|Any CPU
	EndGlobalSection
	GlobalSection(ProjectConfigurationPlatforms) = postSolution
		{1710AEA7-A699-4E0F-AA62-1D7D0F6E06A8}.Debug|Any CPU.ActiveCfg = Debug|Any CPU
		{1710AEA7-A699-4E0F-AA62-1D7D0F6E06A8}.Debug|Any CPU.Build.0 = Debug|Any CPU
		{1710AEA7-A699-4E0F-AA62-1D7D0F6E06A8}.Release|Any CPU.ActiveCfg = Release|Any CPU
		{1710AEA7-A699-4E0F-AA62-1D7D0F6E06A8}.Release|Any CPU.Build.0 = Release|Any CPU
	EndGlobalSection
EndGlobal
